
Microsoft Visual Studio Solution File, Format Version 12.00
# Visual Studio Version 17
VisualStudioVersion = 17.5.002.0
MinimumVisualStudioVersion = 10.0.40219.1
Project("{9A19103F-16F7-4668-BE54-9A1E7A4F7556}") = "Consumer", "Consumer.csproj", "{2ED4AD62-357E-4436-AF20-E33DB00CA292}"
EndProject
Global
	GlobalSection(SolutionConfigurationPlatforms) = preSolution
		Debug|Any CPU = Debug|Any CPU
		Release|Any CPU = Release|Any CPU
	EndGlobalSection
	GlobalSection(ProjectConfigurationPlatforms) = postSolution
		{2ED4AD62-357E-4436-AF20-E33DB00CA292}.Debug|Any CPU.ActiveCfg = Debug|Any CPU
		{2ED4AD62-357E-4436-AF20-E33DB00CA292}.Debug|Any CPU.Build.0 = Debug|Any CPU
		{2ED4AD62-357E-4436-AF20-E33DB00CA292}.Release|Any CPU.ActiveCfg = Release|Any CPU
		{2ED4AD62-357E-4436-AF20-E33DB00CA292}.Release|Any CPU.Build.0 = Release|Any CPU
	EndGlobalSection
	GlobalSection(SolutionProperties) = preSolution
		HideSolutionNode = FALSE
	EndGlobalSection
	GlobalSection(ExtensibilityGlobals) = postSolution
		SolutionGuid = {44DFEC8E-0A0A-4930-8FC0-A8258C49B1AA}
	EndGlobalSection
EndGlobal
